
Microsoft Visual Studio Solution File, Format Version 12.00
# Visual Studio Version 16
VisualStudioVersion = 16.0.29326.143
MinimumVisualStudioVersion = 10.0.40219.1
Project("{FAE04EC0-301F-11D3-BF4B-00C04F79EFBC}") = "HelloWorld", "HelloWorld.csproj", "{EF7DFE1A-65FA-4D56-B943-CB3FBDA56703}"
EndProject
Global
	GlobalSection(SolutionConfigurationPlatforms) = preSolution
		Debug|Any CPU = Debug|Any CPU
		Release|Any CPU = Release|Any CPU
	EndGlobalSection
	GlobalSection(ProjectConfigurationPlatforms) = postSolution
		{EF7DFE1A-65FA-4D56-B943-CB3FBDA56703}.Debug|Any CPU.ActiveCfg = Debug|Any CPU
		{EF7DFE1A-65FA-4D56-B943-CB3FBDA56703}.Debug|Any CPU.Build.0 = Debug|Any CPU
		{EF7DFE1A-65FA-4D56-B943-CB3FBDA56703}.Release|Any CPU.ActiveCfg = Release|Any CPU
		{EF7DFE1A-65FA-4D56-B943-CB3FBDA56703}.Release|Any CPU.Build.0 = Release|Any CPU
	EndGlobalSection
	GlobalSection(SolutionProperties) = preSolution
		HideSolutionNode = FALSE
	EndGlobalSection
	GlobalSection(ExtensibilityGlobals) = postSolution
		SolutionGuid = {25865CD8-59E7-4E82-A968-A27B803100C1}
	EndGlobalSection
EndGlobal
